
Microsoft Visual Studio Solution File, Format Version 12.00
# Visual Studio Version 16
VisualStudioVersion = 16.0.29926.136
MinimumVisualStudioVersion = 10.0.40219.1
Project("{FAE04EC0-301F-11D3-BF4B-00C04F79EFBC}") = "SisTest", "SisTest\SisTest.csproj", "{BD9D580C-621F-4F72-A459-E3BD46FB1A44}"
EndProject
Global
	GlobalSection(SolutionConfigurationPlatforms) = preSolution
		Debug|Any CPU = Debug|Any CPU
		Release|Any CPU = Release|Any CPU
	EndGlobalSection
	GlobalSection(ProjectConfigurationPlatforms) = postSolution
		{BD9D580C-621F-4F72-A459-E3BD46FB1A44}.Debug|Any CPU.ActiveCfg = Debug|Any CPU
		{BD9D580C-621F-4F72-A459-E3BD46FB1A44}.Debug|Any CPU.Build.0 = Debug|Any CPU
		{BD9D580C-621F-4F72-A459-E3BD46FB1A44}.Release|Any CPU.ActiveCfg = Release|Any CPU
		{BD9D580C-621F-4F72-A459-E3BD46FB1A44}.Release|Any CPU.Build.0 = Release|Any CPU
	EndGlobalSection
	GlobalSection(SolutionProperties) = preSolution
		HideSolutionNode = FALSE
	EndGlobalSection
	GlobalSection(ExtensibilityGlobals) = postSolution
		SolutionGuid = {DF8410D1-1081-493A-824E-F332FE210B47}
	EndGlobalSection
EndGlobal
